
Microsoft Visual Studio Solution File, Format Version 12.00
# Visual Studio Version 16
VisualStudioVersion = 16.0.30523.141
MinimumVisualStudioVersion = 10.0.40219.1
Project("{9A19103F-16F7-4668-BE54-9A1E7A4F7556}") = "Eletiva.BranchAndBound", "BranchAndBound\Eletiva.BranchAndBound.csproj", "{061F9C91-F82B-4673-81B6-0C2A81438DEA}"
EndProject
Project("{9A19103F-16F7-4668-BE54-9A1E7A4F7556}") = "Eletiva.Simplex", "Simplex\Eletiva.Simplex.csproj", "{B2BC149D-B302-4504-8CFE-AE502AC2CA4F}"
EndProject
Project("{9A19103F-16F7-4668-BE54-9A1E7A4F7556}") = "Eletiva.ConsoleApp", "ConsoleApp\Eletiva.ConsoleApp.csproj", "{88F60A1C-9C23-4619-9AFE-E549A9B8EE5F}"
EndProject
Global
	GlobalSection(SolutionConfigurationPlatforms) = preSolution
		Debug|Any CPU = Debug|Any CPU
		Release|Any CPU = Release|Any CPU
	EndGlobalSection
	GlobalSection(ProjectConfigurationPlatforms) = postSolution
		{061F9C91-F82B-4673-81B6-0C2A81438DEA}.Debug|Any CPU.ActiveCfg = Debug|Any CPU
		{061F9C91-F82B-4673-81B6-0C2A81438DEA}.Debug|Any CPU.Build.0 = Debug|Any CPU
		{061F9C91-F82B-4673-81B6-0C2A81438DEA}.Release|Any CPU.ActiveCfg = Release|Any CPU
		{061F9C91-F82B-4673-81B6-0C2A81438DEA}.Release|Any CPU.Build.0 = Release|Any CPU
		{B2BC149D-B302-4504-8CFE-AE502AC2CA4F}.Debug|Any CPU.ActiveCfg = Debug|Any CPU
		{B2BC149D-B302-4504-8CFE-AE502AC2CA4F}.Debug|Any CPU.Build.0 = Debug|Any CPU
		{B2BC149D-B302-4504-8CFE-AE502AC2CA4F}.Release|Any CPU.ActiveCfg = Release|Any CPU
		{B2BC149D-B302-4504-8CFE-AE502AC2CA4F}.Release|Any CPU.Build.0 = Release|Any CPU
		{88F60A1C-9C23-4619-9AFE-E549A9B8EE5F}.Debug|Any CPU.ActiveCfg = Debug|Any CPU
		{88F60A1C-9C23-4619-9AFE-E549A9B8EE5F}.Debug|Any CPU.Build.0 = Debug|Any CPU
		{88F60A1C-9C23-4619-9AFE-E549A9B8EE5F}.Release|Any CPU.ActiveCfg = Release|Any CPU
		{88F60A1C-9C23-4619-9AFE-E549A9B8EE5F}.Release|Any CPU.Build.0 = Release|Any CPU
	EndGlobalSection
	GlobalSection(SolutionProperties) = preSolution
		HideSolutionNode = FALSE
	EndGlobalSection
	GlobalSection(ExtensibilityGlobals) = postSolution
		SolutionGuid = {7EB0DCC5-DF3A-44D9-AFB5-602C78862604}
	EndGlobalSection
EndGlobal
